// !$*UTF8*$!
{
	archiveVersion = 1;
	classes = {
	};
	objectVersion = 77;
	objects = {

/* Begin PBXBuildFile section */
		263F1E652E88145F00D97344 /* ToDoAlertError.swift in Sources */ = {isa = PBXBuildFile; fileRef = 263F1E642E88145F00D97344 /* ToDoAlertError.swift */; };
		263F1E672E881D9000D97344 /* Extension+Date.swift in Sources */ = {isa = PBXBuildFile; fileRef = 263F1E662E881D9000D97344 /* Extension+Date.swift */; };
		263F1E692E8820A100D97344 /* FooterUIView.swift in Sources */ = {isa = PBXBuildFile; fileRef = 263F1E682E8820A100D97344 /* FooterUIView.swift */; };
		26744E502E8C15F000026A0A /* TodoDetailPresenter.swift in Sources */ = {isa = PBXBuildFile; fileRef = 26744E4F2E8C15F000026A0A /* TodoDetailPresenter.swift */; };
		26BD60B42E81A1A0006C61E0 /* AppDelegate.swift in Sources */ = {isa = PBXBuildFile; fileRef = 26BD60B32E81A1A0006C61E0 /* AppDelegate.swift */; };
		26BD60B62E81A1A0006C61E0 /* SceneDelegate.swift in Sources */ = {isa = PBXBuildFile; fileRef = 26BD60B52E81A1A0006C61E0 /* SceneDelegate.swift */; };
		26BD60B82E81A1A0006C61E0 /* TasksViewController.swift in Sources */ = {isa = PBXBuildFile; fileRef = 26BD60B72E81A1A0006C61E0 /* TasksViewController.swift */; };
		26BD60BD2E81A1A1006C61E0 /* Assets.xcassets in Resources */ = {isa = PBXBuildFile; fileRef = 26BD60BC2E81A1A1006C61E0 /* Assets.xcassets */; };
		26BD60C02E81A1A1006C61E0 /* LaunchScreen.storyboard in Resources */ = {isa = PBXBuildFile; fileRef = 26BD60BE2E81A1A1006C61E0 /* LaunchScreen.storyboard */; };
		26BD60CD2E81A383006C61E0 /* NetworkServices.swift in Sources */ = {isa = PBXBuildFile; fileRef = 26BD60CC2E81A383006C61E0 /* NetworkServices.swift */; };
		26BD60D22E81A403006C61E0 /* Constants.swift in Sources */ = {isa = PBXBuildFile; fileRef = 26BD60D12E81A403006C61E0 /* Constants.swift */; };
		26BD60D52E81A5DF006C61E0 /* TodoItem.swift in Sources */ = {isa = PBXBuildFile; fileRef = 26BD60D42E81A5DF006C61E0 /* TodoItem.swift */; };
		26BD60DA2E81A6C2006C61E0 /* Extension+URLResponse.swift in Sources */ = {isa = PBXBuildFile; fileRef = 26BD60D92E81A6C2006C61E0 /* Extension+URLResponse.swift */; };
		26BD60DC2E81B405006C61E0 /* Extension+IURLSession.swift in Sources */ = {isa = PBXBuildFile; fileRef = 26BD60DB2E81B405006C61E0 /* Extension+IURLSession.swift */; };
		26BD60DE2E81BC9B006C61E0 /* StorageService.swift in Sources */ = {isa = PBXBuildFile; fileRef = 26BD60DD2E81BC9B006C61E0 /* StorageService.swift */; };
		26BD60E22E81BD1D006C61E0 /* Todo.xcdatamodeld in Sources */ = {isa = PBXBuildFile; fileRef = 26BD60E02E81BD1D006C61E0 /* Todo.xcdatamodeld */; };
		26C4E4392E9BD31C003FB8A4 /* SettingsServiceTests.swift in Sources */ = {isa = PBXBuildFile; fileRef = 26C4E4382E9BD31C003FB8A4 /* SettingsServiceTests.swift */; };
		26C4E4422E9BD5EE003FB8A4 /* MocSettingsService.swift in Sources */ = {isa = PBXBuildFile; fileRef = 26C4E4412E9BD5EE003FB8A4 /* MocSettingsService.swift */; };
		26C4E4532E9BEE5C003FB8A4 /* NetworkServicesTests.swift in Sources */ = {isa = PBXBuildFile; fileRef = 26C4E4522E9BEE5C003FB8A4 /* NetworkServicesTests.swift */; };
		26C4E4552E9BF06D003FB8A4 /* MockURLSession.swift in Sources */ = {isa = PBXBuildFile; fileRef = 26C4E4542E9BF06D003FB8A4 /* MockURLSession.swift */; };
		26C4E47B2E9C2BF5003FB8A4 /* Screenshot2.png in Resources */ = {isa = PBXBuildFile; fileRef = 26C4E4792E9C2BF5003FB8A4 /* Screenshot2.png */; };
		26C4E47C2E9C2BF5003FB8A4 /* Screenshot3.png in Resources */ = {isa = PBXBuildFile; fileRef = 26C4E47A2E9C2BF5003FB8A4 /* Screenshot3.png */; };
		26C4E47D2E9C2BF5003FB8A4 /* Screenshot1.png in Resources */ = {isa = PBXBuildFile; fileRef = 26C4E4782E9C2BF5003FB8A4 /* Screenshot1.png */; };
		26C8610F2E8AFBBD000067BE /* Di.swift in Sources */ = {isa = PBXBuildFile; fileRef = 26C8610E2E8AFBBD000067BE /* Di.swift */; };
		26C861132E8AFBF1000067BE /* ScreenFactory.swift in Sources */ = {isa = PBXBuildFile; fileRef = 26C861122E8AFBF1000067BE /* ScreenFactory.swift */; };
		26C861152E8B0ECD000067BE /* Extension+String.swift in Sources */ = {isa = PBXBuildFile; fileRef = 26C861142E8B0ECD000067BE /* Extension+String.swift */; };
		26E3201A2E841646003A82E5 /* TodoRepository.swift in Sources */ = {isa = PBXBuildFile; fileRef = 26E320192E841646003A82E5 /* TodoRepository.swift */; };
		26E3201D2E8418DB003A82E5 /* SettingsService.swift in Sources */ = {isa = PBXBuildFile; fileRef = 26E3201C2E8418DB003A82E5 /* SettingsService.swift */; };
		26E3B0642E88ED0B008A127F /* ScreenApp.swift in Sources */ = {isa = PBXBuildFile; fileRef = 26E3B0632E88ED0B008A127F /* ScreenApp.swift */; };
		26E3B0662E88F1F6008A127F /* Extension+UINavigationController.swift in Sources */ = {isa = PBXBuildFile; fileRef = 26E3B0652E88F1F6008A127F /* Extension+UINavigationController.swift */; };
		26E3B0682E88F74B008A127F /* Extension+UIColor.swift in Sources */ = {isa = PBXBuildFile; fileRef = 26E3B0672E88F74B008A127F /* Extension+UIColor.swift */; };
		26E3B0702E890AA4008A127F /* Extension+UIFont.swift in Sources */ = {isa = PBXBuildFile; fileRef = 26E3B06F2E890AA4008A127F /* Extension+UIFont.swift */; };
		26E3B0732E8920A4008A127F /* ToDoContextMenu.swift in Sources */ = {isa = PBXBuildFile; fileRef = 26E3B0722E8920A4008A127F /* ToDoContextMenu.swift */; };
		26E3B0752E8922F8008A127F /* PreviewProviderViewController.swift in Sources */ = {isa = PBXBuildFile; fileRef = 26E3B0742E8922F8008A127F /* PreviewProviderViewController.swift */; };
		26E3B07B2E8942C8008A127F /* Extension+UITableView.swift in Sources */ = {isa = PBXBuildFile; fileRef = 26E3B07A2E8942C8008A127F /* Extension+UITableView.swift */; };
		26E3B07D2E89796D008A127F /* SearchUITextField.swift in Sources */ = {isa = PBXBuildFile; fileRef = 26E3B07C2E89796D008A127F /* SearchUITextField.swift */; };
		26E3B0802E898973008A127F /* Extension+UIView.swift in Sources */ = {isa = PBXBuildFile; fileRef = 26E3B07F2E898973008A127F /* Extension+UIView.swift */; };
		26EC298F2E8BECFC0075A893 /* Router.swift in Sources */ = {isa = PBXBuildFile; fileRef = 26EC298E2E8BECFC0075A893 /* Router.swift */; };
		26EC29922E8BF1440075A893 /* TodoDetailViewController.swift in Sources */ = {isa = PBXBuildFile; fileRef = 26EC29912E8BF1440075A893 /* TodoDetailViewController.swift */; };
		26ED04952E84FBD900DE33CC /* Extension+UIMenu.swift in Sources */ = {isa = PBXBuildFile; fileRef = 26ED04942E84FBC600DE33CC /* Extension+UIMenu.swift */; };
		26FCD0EF2E8302DD009906DE /* Moc.swift in Sources */ = {isa = PBXBuildFile; fileRef = 26FCD0EE2E8302DD009906DE /* Moc.swift */; };
		26FCD0F22E8304D4009906DE /* UITableView+Reusable.swift in Sources */ = {isa = PBXBuildFile; fileRef = 26FCD0F12E8304D4009906DE /* UITableView+Reusable.swift */; };
		26FCD0F42E83055E009906DE /* TodoTableView.swift in Sources */ = {isa = PBXBuildFile; fileRef = 26FCD0F32E83055E009906DE /* TodoTableView.swift */; };
		26FCD0F62E83077B009906DE /* TodoTableViewCell.swift in Sources */ = {isa = PBXBuildFile; fileRef = 26FCD0F52E83077B009906DE /* TodoTableViewCell.swift */; };
		26FCD0F92E83273E009906DE /* TodoListInteractor.swift in Sources */ = {isa = PBXBuildFile; fileRef = 26FCD0F82E83273E009906DE /* TodoListInteractor.swift */; };
		26FCD0FB2E8327A5009906DE /* TodoListPresenter.swift in Sources */ = {isa = PBXBuildFile; fileRef = 26FCD0FA2E8327A5009906DE /* TodoListPresenter.swift */; };
/* End PBXBuildFile section */

/* Begin PBXContainerItemProxy section */
		26C4E4302E9BD2A8003FB8A4 /* PBXContainerItemProxy */ = {
			isa = PBXContainerItemProxy;
			containerPortal = 26BD60A82E81A1A0006C61E0 /* Project object */;
			proxyType = 1;
			remoteGlobalIDString = 26BD60AF2E81A1A0006C61E0;
			remoteInfo = ToDoList;
		};
/* End PBXContainerItemProxy section */

/* Begin PBXFileReference section */
		263F1E642E88145F00D97344 /* ToDoAlertError.swift */ = {isa = PBXFileReference; lastKnownFileType = sourcecode.swift; path = ToDoAlertError.swift; sourceTree = "<group>"; };
		263F1E662E881D9000D97344 /* Extension+Date.swift */ = {isa = PBXFileReference; lastKnownFileType = sourcecode.swift; path = "Extension+Date.swift"; sourceTree = "<group>"; };
		263F1E682E8820A100D97344 /* FooterUIView.swift */ = {isa = PBXFileReference; lastKnownFileType = sourcecode.swift; path = FooterUIView.swift; sourceTree = "<group>"; };
		26744E4F2E8C15F000026A0A /* TodoDetailPresenter.swift */ = {isa = PBXFileReference; lastKnownFileType = sourcecode.swift; path = TodoDetailPresenter.swift; sourceTree = "<group>"; };
		26BD60B02E81A1A0006C61E0 /* ToDoList.app */ = {isa = PBXFileReference; explicitFileType = wrapper.application; includeInIndex = 0; path = ToDoList.app; sourceTree = BUILT_PRODUCTS_DIR; };
		26BD60B32E81A1A0006C61E0 /* AppDelegate.swift */ = {isa = PBXFileReference; lastKnownFileType = sourcecode.swift; path = AppDelegate.swift; sourceTree = "<group>"; };
		26BD60B52E81A1A0006C61E0 /* SceneDelegate.swift */ = {isa = PBXFileReference; lastKnownFileType = sourcecode.swift; path = SceneDelegate.swift; sourceTree = "<group>"; };
		26BD60B72E81A1A0006C61E0 /* TasksViewController.swift */ = {isa = PBXFileReference; lastKnownFileType = sourcecode.swift; path = TasksViewController.swift; sourceTree = "<group>"; };
		26BD60BC2E81A1A1006C61E0 /* Assets.xcassets */ = {isa = PBXFileReference; lastKnownFileType = folder.assetcatalog; path = Assets.xcassets; sourceTree = "<group>"; };
		26BD60BF2E81A1A1006C61E0 /* Base */ = {isa = PBXFileReference; lastKnownFileType = file.storyboard; name = Base; path = Base.lproj/LaunchScreen.storyboard; sourceTree = "<group>"; };
		26BD60C12E81A1A1006C61E0 /* Info.plist */ = {isa = PBXFileReference; lastKnownFileType = text.plist.xml; path = Info.plist; sourceTree = "<group>"; };
		26BD60CC2E81A383006C61E0 /* NetworkServices.swift */ = {isa = PBXFileReference; lastKnownFileType = sourcecode.swift; path = NetworkServices.swift; sourceTree = "<group>"; };
		26BD60D12E81A403006C61E0 /* Constants.swift */ = {isa = PBXFileReference; lastKnownFileType = sourcecode.swift; path = Constants.swift; sourceTree = "<group>"; };
		26BD60D42E81A5DF006C61E0 /* TodoItem.swift */ = {isa = PBXFileReference; lastKnownFileType = sourcecode.swift; path = TodoItem.swift; sourceTree = "<group>"; };
		26BD60D92E81A6C2006C61E0 /* Extension+URLResponse.swift */ = {isa = PBXFileReference; lastKnownFileType = sourcecode.swift; path = "Extension+URLResponse.swift"; sourceTree = "<group>"; };
		26BD60DB2E81B405006C61E0 /* Extension+IURLSession.swift */ = {isa = PBXFileReference; lastKnownFileType = sourcecode.swift; path = "Extension+IURLSession.swift"; sourceTree = "<group>"; };
		26BD60DD2E81BC9B006C61E0 /* StorageService.swift */ = {isa = PBXFileReference; lastKnownFileType = sourcecode.swift; path = StorageService.swift; sourceTree = "<group>"; };
		26BD60E12E81BD1D006C61E0 /* Todo.xcdatamodel */ = {isa = PBXFileReference; lastKnownFileType = wrapper.xcdatamodel; path = Todo.xcdatamodel; sourceTree = "<group>"; };
		26C4E42C2E9BD2A8003FB8A4 /* ToDoListTests.xctest */ = {isa = PBXFileReference; explicitFileType = wrapper.cfbundle; includeInIndex = 0; path = ToDoListTests.xctest; sourceTree = BUILT_PRODUCTS_DIR; };
		26C4E4382E9BD31C003FB8A4 /* SettingsServiceTests.swift */ = {isa = PBXFileReference; lastKnownFileType = sourcecode.swift; path = SettingsServiceTests.swift; sourceTree = "<group>"; };
		26C4E4412E9BD5EE003FB8A4 /* MocSettingsService.swift */ = {isa = PBXFileReference; lastKnownFileType = sourcecode.swift; path = MocSettingsService.swift; sourceTree = "<group>"; };
		26C4E4522E9BEE5C003FB8A4 /* NetworkServicesTests.swift */ = {isa = PBXFileReference; lastKnownFileType = sourcecode.swift; path = NetworkServicesTests.swift; sourceTree = "<group>"; };
		26C4E4542E9BF06D003FB8A4 /* MockURLSession.swift */ = {isa = PBXFileReference; lastKnownFileType = sourcecode.swift; path = MockURLSession.swift; sourceTree = "<group>"; };
		26C4E4782E9C2BF5003FB8A4 /* Screenshot1.png */ = {isa = PBXFileReference; lastKnownFileType = image.png; path = Screenshot1.png; sourceTree = "<group>"; };
		26C4E4792E9C2BF5003FB8A4 /* Screenshot2.png */ = {isa = PBXFileReference; lastKnownFileType = image.png; path = Screenshot2.png; sourceTree = "<group>"; };
		26C4E47A2E9C2BF5003FB8A4 /* Screenshot3.png */ = {isa = PBXFileReference; lastKnownFileType = image.png; path = Screenshot3.png; sourceTree = "<group>"; };
		26C8610E2E8AFBBD000067BE /* Di.swift */ = {isa = PBXFileReference; lastKnownFileType = sourcecode.swift; path = Di.swift; sourceTree = "<group>"; };
		26C861122E8AFBF1000067BE /* ScreenFactory.swift */ = {isa = PBXFileReference; lastKnownFileType = sourcecode.swift; path = ScreenFactory.swift; sourceTree = "<group>"; };
		26C861142E8B0ECD000067BE /* Extension+String.swift */ = {isa = PBXFileReference; lastKnownFileType = sourcecode.swift; path = "Extension+String.swift"; sourceTree = "<group>"; };
		26E320192E841646003A82E5 /* TodoRepository.swift */ = {isa = PBXFileReference; lastKnownFileType = sourcecode.swift; path = TodoRepository.swift; sourceTree = "<group>"; };
		26E3201C2E8418DB003A82E5 /* SettingsService.swift */ = {isa = PBXFileReference; lastKnownFileType = sourcecode.swift; path = SettingsService.swift; sourceTree = "<group>"; };
		26E3B0632E88ED0B008A127F /* ScreenApp.swift */ = {isa = PBXFileReference; lastKnownFileType = sourcecode.swift; path = ScreenApp.swift; sourceTree = "<group>"; };
		26E3B0652E88F1F6008A127F /* Extension+UINavigationController.swift */ = {isa = PBXFileReference; lastKnownFileType = sourcecode.swift; path = "Extension+UINavigationController.swift"; sourceTree = "<group>"; };
		26E3B0672E88F74B008A127F /* Extension+UIColor.swift */ = {isa = PBXFileReference; lastKnownFileType = sourcecode.swift; path = "Extension+UIColor.swift"; sourceTree = "<group>"; };
		26E3B06F2E890AA4008A127F /* Extension+UIFont.swift */ = {isa = PBXFileReference; lastKnownFileType = sourcecode.swift; path = "Extension+UIFont.swift"; sourceTree = "<group>"; };
		26E3B0722E8920A4008A127F /* ToDoContextMenu.swift */ = {isa = PBXFileReference; lastKnownFileType = sourcecode.swift; path = ToDoContextMenu.swift; sourceTree = "<group>"; };
		26E3B0742E8922F8008A127F /* PreviewProviderViewController.swift */ = {isa = PBXFileReference; lastKnownFileType = sourcecode.swift; path = PreviewProviderViewController.swift; sourceTree = "<group>"; };
		26E3B07A2E8942C8008A127F /* Extension+UITableView.swift */ = {isa = PBXFileReference; lastKnownFileType = sourcecode.swift; path = "Extension+UITableView.swift"; sourceTree = "<group>"; };
		26E3B07C2E89796D008A127F /* SearchUITextField.swift */ = {isa = PBXFileReference; lastKnownFileType = sourcecode.swift; path = SearchUITextField.swift; sourceTree = "<group>"; };
		26E3B07F2E898973008A127F /* Extension+UIView.swift */ = {isa = PBXFileReference; lastKnownFileType = sourcecode.swift; path = "Extension+UIView.swift"; sourceTree = "<group>"; };
		26EC298E2E8BECFC0075A893 /* Router.swift */ = {isa = PBXFileReference; lastKnownFileType = sourcecode.swift; path = Router.swift; sourceTree = "<group>"; };
		26EC29912E8BF1440075A893 /* TodoDetailViewController.swift */ = {isa = PBXFileReference; lastKnownFileType = sourcecode.swift; path = TodoDetailViewController.swift; sourceTree = "<group>"; };
		26ED04942E84FBC600DE33CC /* Extension+UIMenu.swift */ = {isa = PBXFileReference; lastKnownFileType = sourcecode.swift; path = "Extension+UIMenu.swift"; sourceTree = "<group>"; };
		26FCD0EE2E8302DD009906DE /* Moc.swift */ = {isa = PBXFileReference; lastKnownFileType = sourcecode.swift; path = Moc.swift; sourceTree = "<group>"; };
		26FCD0F12E8304D4009906DE /* UITableView+Reusable.swift */ = {isa = PBXFileReference; lastKnownFileType = sourcecode.swift; path = "UITableView+Reusable.swift"; sourceTree = "<group>"; };
		26FCD0F32E83055E009906DE /* TodoTableView.swift */ = {isa = PBXFileReference; lastKnownFileType = sourcecode.swift; path = TodoTableView.swift; sourceTree = "<group>"; };
		26FCD0F52E83077B009906DE /* TodoTableViewCell.swift */ = {isa = PBXFileReference; lastKnownFileType = sourcecode.swift; path = TodoTableViewCell.swift; sourceTree = "<group>"; };
		26FCD0F82E83273E009906DE /* TodoListInteractor.swift */ = {isa = PBXFileReference; lastKnownFileType = sourcecode.swift; path = TodoListInteractor.swift; sourceTree = "<group>"; };
		26FCD0FA2E8327A5009906DE /* TodoListPresenter.swift */ = {isa = PBXFileReference; lastKnownFileType = sourcecode.swift; path = TodoListPresenter.swift; sourceTree = "<group>"; };
/* End PBXFileReference section */

/* Begin PBXFrameworksBuildPhase section */
		26BD60AD2E81A1A0006C61E0 /* Frameworks */ = {
			isa = PBXFrameworksBuildPhase;
			buildActionMask = 2147483647;
			files = (
			);
			runOnlyForDeploymentPostprocessing = 0;
		};
		26C4E4292E9BD2A8003FB8A4 /* Frameworks */ = {
			isa = PBXFrameworksBuildPhase;
			buildActionMask = 2147483647;
			files = (
			);
			runOnlyForDeploymentPostprocessing = 0;
		};
/* End PBXFrameworksBuildPhase section */

/* Begin PBXGroup section */
		263F1E632E88144700D97344 /* Components */ = {
			isa = PBXGroup;
			children = (
				26E3B0772E89232C008A127F /* TableView */,
				26E3B0762E892314008A127F /* ContextMenu */,
				263F1E642E88145F00D97344 /* ToDoAlertError.swift */,
				263F1E682E8820A100D97344 /* FooterUIView.swift */,
				26E3B07C2E89796D008A127F /* SearchUITextField.swift */,
			);
			path = Components;
			sourceTree = "<group>";
		};
		26BD60A72E81A1A0006C61E0 = {
			isa = PBXGroup;
			children = (
				26BD60C82E81A1BC006C61E0 /* ToDoList */,
				26C4E4432E9BEC18003FB8A4 /* ToDoListTests */,
				26C4E4562E9BF18B003FB8A4 /* Screenshots */,
				26BD60B12E81A1A0006C61E0 /* Products */,
			);
			sourceTree = "<group>";
		};
		26BD60B12E81A1A0006C61E0 /* Products */ = {
			isa = PBXGroup;
			children = (
				26BD60B02E81A1A0006C61E0 /* ToDoList.app */,
				26C4E42C2E9BD2A8003FB8A4 /* ToDoListTests.xctest */,
			);
			name = Products;
			sourceTree = "<group>";
		};
		26BD60C82E81A1BC006C61E0 /* ToDoList */ = {
			isa = PBXGroup;
			children = (
				26BD60C92E81A2FD006C61E0 /* App */,
				26EC298D2E8BECDC0075A893 /* Router */,
				26BD60D32E81A567006C61E0 /* Entity */,
				26BD60CB2E81A31D006C61E0 /* Services */,
				26BD60CA2E81A308006C61E0 /* Views */,
				26BD60D82E81A6B0006C61E0 /* Extensions */,
				26BD60CE2E81A3C0006C61E0 /* Constants */,
				26E3B0622E88ECF3008A127F /* Helper */,
				26FCD0ED2E8302C4009906DE /* MockData */,
				26BD60BE2E81A1A1006C61E0 /* LaunchScreen.storyboard */,
				26BD60BC2E81A1A1006C61E0 /* Assets.xcassets */,
				26BD60C12E81A1A1006C61E0 /* Info.plist */,
				26BD60E02E81BD1D006C61E0 /* Todo.xcdatamodeld */,
			);
			path = ToDoList;
			sourceTree = "<group>";
		};
		26BD60C92E81A2FD006C61E0 /* App */ = {
			isa = PBXGroup;
			children = (
				26BD60B32E81A1A0006C61E0 /* AppDelegate.swift */,
				26BD60B52E81A1A0006C61E0 /* SceneDelegate.swift */,
				26C8610D2E8AFB9A000067BE /* ScreenFactory */,
			);
			path = App;
			sourceTree = "<group>";
		};
		26BD60CA2E81A308006C61E0 /* Views */ = {
			isa = PBXGroup;
			children = (
				26E3B0712E891A0B008A127F /* TasksVC */,
				26EC29902E8BF1120075A893 /* TodoDetailVC */,
				263F1E632E88144700D97344 /* Components */,
			);
			path = Views;
			sourceTree = "<group>";
		};
		26BD60CB2E81A31D006C61E0 /* Services */ = {
			isa = PBXGroup;
			children = (
				26E3201C2E8418DB003A82E5 /* SettingsService.swift */,
				26BD60CC2E81A383006C61E0 /* NetworkServices.swift */,
				26BD60DD2E81BC9B006C61E0 /* StorageService.swift */,
				26E320192E841646003A82E5 /* TodoRepository.swift */,
			);
			path = Services;
			sourceTree = "<group>";
		};
		26BD60CE2E81A3C0006C61E0 /* Constants */ = {
			isa = PBXGroup;
			children = (
				26BD60D12E81A403006C61E0 /* Constants.swift */,
			);
			path = Constants;
			sourceTree = "<group>";
		};
		26BD60D32E81A567006C61E0 /* Entity */ = {
			isa = PBXGroup;
			children = (
				26BD60D42E81A5DF006C61E0 /* TodoItem.swift */,
			);
			path = Entity;
			sourceTree = "<group>";
		};
		26BD60D82E81A6B0006C61E0 /* Extensions */ = {
			isa = PBXGroup;
			children = (
				263F1E662E881D9000D97344 /* Extension+Date.swift */,
				26C861142E8B0ECD000067BE /* Extension+String.swift */,
				26E3B0672E88F74B008A127F /* Extension+UIColor.swift */,
				26E3B06F2E890AA4008A127F /* Extension+UIFont.swift */,
				26ED04942E84FBC600DE33CC /* Extension+UIMenu.swift */,
				26E3B0652E88F1F6008A127F /* Extension+UINavigationController.swift */,
				26E3B07A2E8942C8008A127F /* Extension+UITableView.swift */,
				26E3B07F2E898973008A127F /* Extension+UIView.swift */,
				26BD60D92E81A6C2006C61E0 /* Extension+URLResponse.swift */,
				26BD60DB2E81B405006C61E0 /* Extension+IURLSession.swift */,
				26FCD0F12E8304D4009906DE /* UITableView+Reusable.swift */,
			);
			path = Extensions;
			sourceTree = "<group>";
		};
		26C4E4432E9BEC18003FB8A4 /* ToDoListTests */ = {
			isa = PBXGroup;
			children = (
				26C4E4442E9BEC40003FB8A4 /* SettingsServiceTests */,
				26C4E44B2E9BEC8D003FB8A4 /* NetworkServicesTests */,
				26C4E45D2E9BF2A7003FB8A4 /* StorageServiceTests */,
				26C4E4602E9BF2DA003FB8A4 /* TodoRepositoryTests */,
				26C4E4632E9BF352003FB8A4 /* RouterTests */,
				26C4E4662E9BF3A8003FB8A4 /* ToDoListTests */,
				26C4E46D2E9BF454003FB8A4 /* TodoDetailTests */,
			);
			path = ToDoListTests;
			sourceTree = "<group>";
		};
		26C4E4442E9BEC40003FB8A4 /* SettingsServiceTests */ = {
			isa = PBXGroup;
			children = (
				26C4E4492E9BEC6A003FB8A4 /* Tests */,
				26C4E44A2E9BEC70003FB8A4 /* Mock */,
			);
			path = SettingsServiceTests;
			sourceTree = "<group>";
		};
		26C4E4492E9BEC6A003FB8A4 /* Tests */ = {
			isa = PBXGroup;
			children = (
				26C4E4382E9BD31C003FB8A4 /* SettingsServiceTests.swift */,
			);
			path = Tests;
			sourceTree = "<group>";
		};
		26C4E44A2E9BEC70003FB8A4 /* Mock */ = {
			isa = PBXGroup;
			children = (
				26C4E4412E9BD5EE003FB8A4 /* MocSettingsService.swift */,
			);
			path = Mock;
			sourceTree = "<group>";
		};
		26C4E44B2E9BEC8D003FB8A4 /* NetworkServicesTests */ = {
			isa = PBXGroup;
			children = (
				26C4E44C2E9BECB9003FB8A4 /* Tests */,
				26C4E44D2E9BECBE003FB8A4 /* Mock */,
			);
			path = NetworkServicesTests;
			sourceTree = "<group>";
		};
		26C4E44C2E9BECB9003FB8A4 /* Tests */ = {
			isa = PBXGroup;
			children = (
				26C4E4522E9BEE5C003FB8A4 /* NetworkServicesTests.swift */,
			);
			path = Tests;
			sourceTree = "<group>";
		};
		26C4E44D2E9BECBE003FB8A4 /* Mock */ = {
			isa = PBXGroup;
			children = (
				26C4E4542E9BF06D003FB8A4 /* MockURLSession.swift */,
			);
			path = Mock;
			sourceTree = "<group>";
		};
		26C4E4562E9BF18B003FB8A4 /* Screenshots */ = {
			isa = PBXGroup;
			children = (
				26C4E4782E9C2BF5003FB8A4 /* Screenshot1.png */,
				26C4E4792E9C2BF5003FB8A4 /* Screenshot2.png */,
				26C4E47A2E9C2BF5003FB8A4 /* Screenshot3.png */,
			);
			path = Screenshots;
			sourceTree = "<group>";
		};
		26C4E45D2E9BF2A7003FB8A4 /* StorageServiceTests */ = {
			isa = PBXGroup;
			children = (
				26C4E45E2E9BF2C1003FB8A4 /* Tests */,
				26C4E45F2E9BF2C8003FB8A4 /* Mock */,
			);
			path = StorageServiceTests;
			sourceTree = "<group>";
		};
		26C4E45E2E9BF2C1003FB8A4 /* Tests */ = {
			isa = PBXGroup;
			children = (
			);
			path = Tests;
			sourceTree = "<group>";
		};
		26C4E45F2E9BF2C8003FB8A4 /* Mock */ = {
			isa = PBXGroup;
			children = (
			);
			path = Mock;
			sourceTree = "<group>";
		};
		26C4E4602E9BF2DA003FB8A4 /* TodoRepositoryTests */ = {
			isa = PBXGroup;
			children = (
				26C4E4612E9BF2E8003FB8A4 /* Tests */,
				26C4E4622E9BF2ED003FB8A4 /* Mock */,
			);
			path = TodoRepositoryTests;
			sourceTree = "<group>";
		};
		26C4E4612E9BF2E8003FB8A4 /* Tests */ = {
			isa = PBXGroup;
			children = (
			);
			path = Tests;
			sourceTree = "<group>";
		};
		26C4E4622E9BF2ED003FB8A4 /* Mock */ = {
			isa = PBXGroup;
			children = (
			);
			path = Mock;
			sourceTree = "<group>";
		};
		26C4E4632E9BF352003FB8A4 /* RouterTests */ = {
			isa = PBXGroup;
			children = (
				26C4E4642E9BF373003FB8A4 /* Tests */,
				26C4E4652E9BF379003FB8A4 /* Mock */,
			);
			path = RouterTests;
			sourceTree = "<group>";
		};
		26C4E4642E9BF373003FB8A4 /* Tests */ = {
			isa = PBXGroup;
			children = (
			);
			path = Tests;
			sourceTree = "<group>";
		};
		26C4E4652E9BF379003FB8A4 /* Mock */ = {
			isa = PBXGroup;
			children = (
			);
			path = Mock;
			sourceTree = "<group>";
		};
		26C4E4662E9BF3A8003FB8A4 /* ToDoListTests */ = {
			isa = PBXGroup;
			children = (
				26C4E46A2E9BF3E6003FB8A4 /* TodoListInteractorTests */,
				26C4E4672E9BF3BB003FB8A4 /* TodoListPresenterTests */,
			);
			path = ToDoListTests;
			sourceTree = "<group>";
		};
		26C4E4672E9BF3BB003FB8A4 /* TodoListPresenterTests */ = {
			isa = PBXGroup;
			children = (
				26C4E4692E9BF3DD003FB8A4 /* Tests */,
				26C4E4682E9BF3D7003FB8A4 /* Mock */,
			);
			path = TodoListPresenterTests;
			sourceTree = "<group>";
		};
		26C4E4682E9BF3D7003FB8A4 /* Mock */ = {
			isa = PBXGroup;
			children = (
			);
			path = Mock;
			sourceTree = "<group>";
		};
		26C4E4692E9BF3DD003FB8A4 /* Tests */ = {
			isa = PBXGroup;
			children = (
			);
			path = Tests;
			sourceTree = "<group>";
		};
		26C4E46A2E9BF3E6003FB8A4 /* TodoListInteractorTests */ = {
			isa = PBXGroup;
			children = (
				26C4E46C2E9BF431003FB8A4 /* Tests */,
				26C4E46B2E9BF429003FB8A4 /* Mock */,
			);
			path = TodoListInteractorTests;
			sourceTree = "<group>";
		};
		26C4E46B2E9BF429003FB8A4 /* Mock */ = {
			isa = PBXGroup;
			children = (
			);
			path = Mock;
			sourceTree = "<group>";
		};
		26C4E46C2E9BF431003FB8A4 /* Tests */ = {
			isa = PBXGroup;
			children = (
			);
			path = Tests;
			sourceTree = "<group>";
		};
		26C4E46D2E9BF454003FB8A4 /* TodoDetailTests */ = {
			isa = PBXGroup;
			children = (
				26C4E46E2E9BF462003FB8A4 /* TodoDetailPresenterTests */,
			);
			path = TodoDetailTests;
			sourceTree = "<group>";
		};
		26C4E46E2E9BF462003FB8A4 /* TodoDetailPresenterTests */ = {
			isa = PBXGroup;
			children = (
				26C4E4702E9BF488003FB8A4 /* Tests */,
				26C4E4712E9BF48D003FB8A4 /* Mock */,
			);
			path = TodoDetailPresenterTests;
			sourceTree = "<group>";
		};
		26C4E4702E9BF488003FB8A4 /* Tests */ = {
			isa = PBXGroup;
			children = (
			);
			path = Tests;
			sourceTree = "<group>";
		};
		26C4E4712E9BF48D003FB8A4 /* Mock */ = {
			isa = PBXGroup;
			children = (
			);
			path = Mock;
			sourceTree = "<group>";
		};
		26C8610D2E8AFB9A000067BE /* ScreenFactory */ = {
			isa = PBXGroup;
			children = (
				26C8610E2E8AFBBD000067BE /* Di.swift */,
				26C861122E8AFBF1000067BE /* ScreenFactory.swift */,
			);
			path = ScreenFactory;
			sourceTree = "<group>";
		};
		26E3B0622E88ECF3008A127F /* Helper */ = {
			isa = PBXGroup;
			children = (
				26E3B0632E88ED0B008A127F /* ScreenApp.swift */,
			);
			path = Helper;
			sourceTree = "<group>";
		};
		26E3B0712E891A0B008A127F /* TasksVC */ = {
			isa = PBXGroup;
			children = (
				26BD60B72E81A1A0006C61E0 /* TasksViewController.swift */,
				26FCD0FA2E8327A5009906DE /* TodoListPresenter.swift */,
				26FCD0F82E83273E009906DE /* TodoListInteractor.swift */,
			);
			path = TasksVC;
			sourceTree = "<group>";
		};
		26E3B0762E892314008A127F /* ContextMenu */ = {
			isa = PBXGroup;
			children = (
				26E3B0722E8920A4008A127F /* ToDoContextMenu.swift */,
				26E3B0742E8922F8008A127F /* PreviewProviderViewController.swift */,
			);
			path = ContextMenu;
			sourceTree = "<group>";
		};
		26E3B0772E89232C008A127F /* TableView */ = {
			isa = PBXGroup;
			children = (
				26FCD0F32E83055E009906DE /* TodoTableView.swift */,
				26FCD0F52E83077B009906DE /* TodoTableViewCell.swift */,
			);
			path = TableView;
			sourceTree = "<group>";
		};
		26EC298D2E8BECDC0075A893 /* Router */ = {
			isa = PBXGroup;
			children = (
				26EC298E2E8BECFC0075A893 /* Router.swift */,
			);
			path = Router;
			sourceTree = "<group>";
		};
		26EC29902E8BF1120075A893 /* TodoDetailVC */ = {
			isa = PBXGroup;
			children = (
				26EC29912E8BF1440075A893 /* TodoDetailViewController.swift */,
				26744E4F2E8C15F000026A0A /* TodoDetailPresenter.swift */,
			);
			path = TodoDetailVC;
			sourceTree = "<group>";
		};
		26FCD0ED2E8302C4009906DE /* MockData */ = {
			isa = PBXGroup;
			children = (
				26FCD0EE2E8302DD009906DE /* Moc.swift */,
			);
			path = MockData;
			sourceTree = "<group>";
		};
/* End PBXGroup section */

/* Begin PBXNativeTarget section */
		26BD60AF2E81A1A0006C61E0 /* ToDoList */ = {
			isa = PBXNativeTarget;
			buildConfigurationList = 26BD60C32E81A1A1006C61E0 /* Build configuration list for PBXNativeTarget "ToDoList" */;
			buildPhases = (
				26BD60AC2E81A1A0006C61E0 /* Sources */,
				26BD60AD2E81A1A0006C61E0 /* Frameworks */,
				26BD60AE2E81A1A0006C61E0 /* Resources */,
			);
			buildRules = (
			);
			dependencies = (
			);
			name = ToDoList;
			packageProductDependencies = (
			);
			productName = ToDoList;
			productReference = 26BD60B02E81A1A0006C61E0 /* ToDoList.app */;
			productType = "com.apple.product-type.application";
		};
		26C4E42B2E9BD2A8003FB8A4 /* ToDoListTests */ = {
			isa = PBXNativeTarget;
			buildConfigurationList = 26C4E4342E9BD2A8003FB8A4 /* Build configuration list for PBXNativeTarget "ToDoListTests" */;
			buildPhases = (
				26C4E4282E9BD2A8003FB8A4 /* Sources */,
				26C4E4292E9BD2A8003FB8A4 /* Frameworks */,
				26C4E42A2E9BD2A8003FB8A4 /* Resources */,
			);
			buildRules = (
			);
			dependencies = (
				26C4E4312E9BD2A8003FB8A4 /* PBXTargetDependency */,
			);
			name = ToDoListTests;
			packageProductDependencies = (
			);
			productName = ToDoListTests;
			productReference = 26C4E42C2E9BD2A8003FB8A4 /* ToDoListTests.xctest */;
			productType = "com.apple.product-type.bundle.unit-test";
		};
/* End PBXNativeTarget section */

/* Begin PBXProject section */
		26BD60A82E81A1A0006C61E0 /* Project object */ = {
			isa = PBXProject;
			attributes = {
				BuildIndependentTargetsInParallel = 1;
				LastSwiftUpdateCheck = 1620;
				LastUpgradeCheck = 1620;
				TargetAttributes = {
					26BD60AF2E81A1A0006C61E0 = {
						CreatedOnToolsVersion = 16.2;
					};
					26C4E42B2E9BD2A8003FB8A4 = {
						CreatedOnToolsVersion = 16.2;
						TestTargetID = 26BD60AF2E81A1A0006C61E0;
					};
				};
			};
			buildConfigurationList = 26BD60AB2E81A1A0006C61E0 /* Build configuration list for PBXProject "ToDoList" */;
			developmentRegion = en;
			hasScannedForEncodings = 0;
			knownRegions = (
				en,
				Base,
			);
			mainGroup = 26BD60A72E81A1A0006C61E0;
			minimizedProjectReferenceProxies = 1;
			preferredProjectObjectVersion = 77;
			productRefGroup = 26BD60B12E81A1A0006C61E0 /* Products */;
			projectDirPath = "";
			projectRoot = "";
			targets = (
				26BD60AF2E81A1A0006C61E0 /* ToDoList */,
				26C4E42B2E9BD2A8003FB8A4 /* ToDoListTests */,
			);
		};
/* End PBXProject section */

/* Begin PBXResourcesBuildPhase section */
		26BD60AE2E81A1A0006C61E0 /* Resources */ = {
			isa = PBXResourcesBuildPhase;
			buildActionMask = 2147483647;
			files = (
				26BD60C02E81A1A1006C61E0 /* LaunchScreen.storyboard in Resources */,
				26C4E47B2E9C2BF5003FB8A4 /* Screenshot2.png in Resources */,
				26C4E47C2E9C2BF5003FB8A4 /* Screenshot3.png in Resources */,
				26C4E47D2E9C2BF5003FB8A4 /* Screenshot1.png in Resources */,
				26BD60BD2E81A1A1006C61E0 /* Assets.xcassets in Resources */,
			);
			runOnlyForDeploymentPostprocessing = 0;
		};
		26C4E42A2E9BD2A8003FB8A4 /* Resources */ = {
			isa = PBXResourcesBuildPhase;
			buildActionMask = 2147483647;
			files = (
			);
			runOnlyForDeploymentPostprocessing = 0;
		};
/* End PBXResourcesBuildPhase section */

/* Begin PBXSourcesBuildPhase section */
		26BD60AC2E81A1A0006C61E0 /* Sources */ = {
			isa = PBXSourcesBuildPhase;
			buildActionMask = 2147483647;
			files = (
				26E3201D2E8418DB003A82E5 /* SettingsService.swift in Sources */,
				26ED04952E84FBD900DE33CC /* Extension+UIMenu.swift in Sources */,
				26BD60D22E81A403006C61E0 /* Constants.swift in Sources */,
				26FCD0F92E83273E009906DE /* TodoListInteractor.swift in Sources */,
				26BD60E22E81BD1D006C61E0 /* Todo.xcdatamodeld in Sources */,
				26C861132E8AFBF1000067BE /* ScreenFactory.swift in Sources */,
				26BD60B82E81A1A0006C61E0 /* TasksViewController.swift in Sources */,
				26E3B0732E8920A4008A127F /* ToDoContextMenu.swift in Sources */,
				26BD60B42E81A1A0006C61E0 /* AppDelegate.swift in Sources */,
				263F1E692E8820A100D97344 /* FooterUIView.swift in Sources */,
				26FCD0F42E83055E009906DE /* TodoTableView.swift in Sources */,
				26E3B07D2E89796D008A127F /* SearchUITextField.swift in Sources */,
				26E3B0642E88ED0B008A127F /* ScreenApp.swift in Sources */,
				26E3B0702E890AA4008A127F /* Extension+UIFont.swift in Sources */,
				263F1E652E88145F00D97344 /* ToDoAlertError.swift in Sources */,
				26E3B0662E88F1F6008A127F /* Extension+UINavigationController.swift in Sources */,
				26E3B07B2E8942C8008A127F /* Extension+UITableView.swift in Sources */,
				26EC29922E8BF1440075A893 /* TodoDetailViewController.swift in Sources */,
				26EC298F2E8BECFC0075A893 /* Router.swift in Sources */,
				26C8610F2E8AFBBD000067BE /* Di.swift in Sources */,
				263F1E672E881D9000D97344 /* Extension+Date.swift in Sources */,
				26FCD0EF2E8302DD009906DE /* Moc.swift in Sources */,
				26BD60DA2E81A6C2006C61E0 /* Extension+URLResponse.swift in Sources */,
				26FCD0F62E83077B009906DE /* TodoTableViewCell.swift in Sources */,
				26E3B0752E8922F8008A127F /* PreviewProviderViewController.swift in Sources */,
				26FCD0F22E8304D4009906DE /* UITableView+Reusable.swift in Sources */,
				26C861152E8B0ECD000067BE /* Extension+String.swift in Sources */,
				26BD60DC2E81B405006C61E0 /* Extension+IURLSession.swift in Sources */,
				26BD60CD2E81A383006C61E0 /* NetworkServices.swift in Sources */,
				26FCD0FB2E8327A5009906DE /* TodoListPresenter.swift in Sources */,
				26BD60D52E81A5DF006C61E0 /* TodoItem.swift in Sources */,
				26E3201A2E841646003A82E5 /* TodoRepository.swift in Sources */,
				26E3B0802E898973008A127F /* Extension+UIView.swift in Sources */,
				26BD60DE2E81BC9B006C61E0 /* StorageService.swift in Sources */,
				26BD60B62E81A1A0006C61E0 /* SceneDelegate.swift in Sources */,
				26744E502E8C15F000026A0A /* TodoDetailPresenter.swift in Sources */,
				26E3B0682E88F74B008A127F /* Extension+UIColor.swift in Sources */,
			);
			runOnlyForDeploymentPostprocessing = 0;
		};
		26C4E4282E9BD2A8003FB8A4 /* Sources */ = {
			isa = PBXSourcesBuildPhase;
			buildActionMask = 2147483647;
			files = (
				26C4E4552E9BF06D003FB8A4 /* MockURLSession.swift in Sources */,
				26C4E4532E9BEE5C003FB8A4 /* NetworkServicesTests.swift in Sources */,
				26C4E4392E9BD31C003FB8A4 /* SettingsServiceTests.swift in Sources */,
				26C4E4422E9BD5EE003FB8A4 /* MocSettingsService.swift in Sources */,
			);
			runOnlyForDeploymentPostprocessing = 0;
		};
/* End PBXSourcesBuildPhase section */

/* Begin PBXTargetDependency section */
		26C4E4312E9BD2A8003FB8A4 /* PBXTargetDependency */ = {
			isa = PBXTargetDependency;
			target = 26BD60AF2E81A1A0006C61E0 /* ToDoList */;
			targetProxy = 26C4E4302E9BD2A8003FB8A4 /* PBXContainerItemProxy */;
		};
/* End PBXTargetDependency section */

/* Begin PBXVariantGroup section */
		26BD60BE2E81A1A1006C61E0 /* LaunchScreen.storyboard */ = {
			isa = PBXVariantGroup;
			children = (
				26BD60BF2E81A1A1006C61E0 /* Base */,
			);
			name = LaunchScreen.storyboard;
			sourceTree = "<group>";
		};
/* End PBXVariantGroup section */

/* Begin XCBuildConfiguration section */
		26BD60C42E81A1A1006C61E0 /* Debug */ = {
			isa = XCBuildConfiguration;
			buildSettings = {
				ASSETCATALOG_COMPILER_APPICON_NAME = AppIcon;
				ASSETCATALOG_COMPILER_GLOBAL_ACCENT_COLOR_NAME = AccentColor;
				CODE_SIGN_STYLE = Automatic;
				CURRENT_PROJECT_VERSION = 1;
				DEVELOPMENT_TEAM = RX923HA2LD;
				GENERATE_INFOPLIST_FILE = YES;
				INFOPLIST_FILE = ToDoList/Info.plist;
				INFOPLIST_KEY_UIApplicationSupportsIndirectInputEvents = YES;
				INFOPLIST_KEY_UILaunchStoryboardName = LaunchScreen;
				INFOPLIST_KEY_UIStatusBarStyle = "";
				INFOPLIST_KEY_UISupportedInterfaceOrientations = UIInterfaceOrientationPortrait;
				INFOPLIST_KEY_UISupportedInterfaceOrientations_iPad = "UIInterfaceOrientationLandscapeLeft UIInterfaceOrientationLandscapeRight UIInterfaceOrientationPortrait UIInterfaceOrientationPortraitUpsideDown";
				IPHONEOS_DEPLOYMENT_TARGET = 15.6;
				LD_RUNPATH_SEARCH_PATHS = (
					"$(inherited)",
					"@executable_path/Frameworks",
				);
				MARKETING_VERSION = 1.0;
				PRODUCT_BUNDLE_IDENTIFIER = ru.eliseev.dmitry.ToDoList;
				PRODUCT_NAME = "$(TARGET_NAME)";
				SUPPORTED_PLATFORMS = "iphoneos iphonesimulator";
				SUPPORTS_MACCATALYST = NO;
				SUPPORTS_MAC_DESIGNED_FOR_IPHONE_IPAD = NO;
				SUPPORTS_XR_DESIGNED_FOR_IPHONE_IPAD = NO;
				SWIFT_EMIT_LOC_STRINGS = YES;
				SWIFT_VERSION = 5.0;
				TARGETED_DEVICE_FAMILY = 1;
			};
			name = Debug;
		};
		26BD60C52E81A1A1006C61E0 /* Release */ = {
			isa = XCBuildConfiguration;
			buildSettings = {
				ASSETCATALOG_COMPILER_APPICON_NAME = AppIcon;
				ASSETCATALOG_COMPILER_GLOBAL_ACCENT_COLOR_NAME = AccentColor;
				CODE_SIGN_STYLE = Automatic;
				CURRENT_PROJECT_VERSION = 1;
				DEVELOPMENT_TEAM = RX923HA2LD;
				GENERATE_INFOPLIST_FILE = YES;
				INFOPLIST_FILE = ToDoList/Info.plist;
				INFOPLIST_KEY_UIApplicationSupportsIndirectInputEvents = YES;
				INFOPLIST_KEY_UILaunchStoryboardName = LaunchScreen;
				INFOPLIST_KEY_UIStatusBarStyle = "";
				INFOPLIST_KEY_UISupportedInterfaceOrientations = UIInterfaceOrientationPortrait;
				INFOPLIST_KEY_UISupportedInterfaceOrientations_iPad = "UIInterfaceOrientationLandscapeLeft UIInterfaceOrientationLandscapeRight UIInterfaceOrientationPortrait UIInterfaceOrientationPortraitUpsideDown";
				IPHONEOS_DEPLOYMENT_TARGET = 15.6;
				LD_RUNPATH_SEARCH_PATHS = (
					"$(inherited)",
					"@executable_path/Frameworks",
				);
				MARKETING_VERSION = 1.0;
				PRODUCT_BUNDLE_IDENTIFIER = ru.eliseev.dmitry.ToDoList;
				PRODUCT_NAME = "$(TARGET_NAME)";
				SUPPORTED_PLATFORMS = "iphoneos iphonesimulator";
				SUPPORTS_MACCATALYST = NO;
				SUPPORTS_MAC_DESIGNED_FOR_IPHONE_IPAD = NO;
				SUPPORTS_XR_DESIGNED_FOR_IPHONE_IPAD = NO;
				SWIFT_EMIT_LOC_STRINGS = YES;
				SWIFT_VERSION = 5.0;
				TARGETED_DEVICE_FAMILY = 1;
			};
			name = Release;
		};
		26BD60C62E81A1A1006C61E0 /* Debug */ = {
			isa = XCBuildConfiguration;
			buildSettings = {
				ALWAYS_SEARCH_USER_PATHS = NO;
				ASSETCATALOG_COMPILER_GENERATE_SWIFT_ASSET_SYMBOL_EXTENSIONS = YES;
				CLANG_ANALYZER_NONNULL = YES;
				CLANG_ANALYZER_NUMBER_OBJECT_CONVERSION = YES_AGGRESSIVE;
				CLANG_CXX_LANGUAGE_STANDARD = "gnu++20";
				CLANG_ENABLE_MODULES = YES;
				CLANG_ENABLE_OBJC_ARC = YES;
				CLANG_ENABLE_OBJC_WEAK = YES;
				CLANG_WARN_BLOCK_CAPTURE_AUTORELEASING = YES;
				CLANG_WARN_BOOL_CONVERSION = YES;
				CLANG_WARN_COMMA = YES;
				CLANG_WARN_CONSTANT_CONVERSION = YES;
				CLANG_WARN_DEPRECATED_OBJC_IMPLEMENTATIONS = YES;
				CLANG_WARN_DIRECT_OBJC_ISA_USAGE = YES_ERROR;
				CLANG_WARN_DOCUMENTATION_COMMENTS = YES;
				CLANG_WARN_EMPTY_BODY = YES;
				CLANG_WARN_ENUM_CONVERSION = YES;
				CLANG_WARN_INFINITE_RECURSION = YES;
				CLANG_WARN_INT_CONVERSION = YES;
				CLANG_WARN_NON_LITERAL_NULL_CONVERSION = YES;
				CLANG_WARN_OBJC_IMPLICIT_RETAIN_SELF = YES;
				CLANG_WARN_OBJC_LITERAL_CONVERSION = YES;
				CLANG_WARN_OBJC_ROOT_CLASS = YES_ERROR;
				CLANG_WARN_QUOTED_INCLUDE_IN_FRAMEWORK_HEADER = YES;
				CLANG_WARN_RANGE_LOOP_ANALYSIS = YES;
				CLANG_WARN_STRICT_PROTOTYPES = YES;
				CLANG_WARN_SUSPICIOUS_MOVE = YES;
				CLANG_WARN_UNGUARDED_AVAILABILITY = YES_AGGRESSIVE;
				CLANG_WARN_UNREACHABLE_CODE = YES;
				CLANG_WARN__DUPLICATE_METHOD_MATCH = YES;
				COPY_PHASE_STRIP = NO;
				DEBUG_INFORMATION_FORMAT = dwarf;
				ENABLE_STRICT_OBJC_MSGSEND = YES;
				ENABLE_TESTABILITY = YES;
				ENABLE_USER_SCRIPT_SANDBOXING = YES;
				GCC_C_LANGUAGE_STANDARD = gnu17;
				GCC_DYNAMIC_NO_PIC = NO;
				GCC_NO_COMMON_BLOCKS = YES;
				GCC_OPTIMIZATION_LEVEL = 0;
				GCC_PREPROCESSOR_DEFINITIONS = (
					"DEBUG=1",
					"$(inherited)",
				);
				GCC_WARN_64_TO_32_BIT_CONVERSION = YES;
				GCC_WARN_ABOUT_RETURN_TYPE = YES_ERROR;
				GCC_WARN_UNDECLARED_SELECTOR = YES;
				GCC_WARN_UNINITIALIZED_AUTOS = YES_AGGRESSIVE;
				GCC_WARN_UNUSED_FUNCTION = YES;
				GCC_WARN_UNUSED_VARIABLE = YES;
				IPHONEOS_DEPLOYMENT_TARGET = 18.2;
				LOCALIZATION_PREFERS_STRING_CATALOGS = YES;
				MTL_ENABLE_DEBUG_INFO = INCLUDE_SOURCE;
				MTL_FAST_MATH = YES;
				ONLY_ACTIVE_ARCH = YES;
				SDKROOT = iphoneos;
				SWIFT_ACTIVE_COMPILATION_CONDITIONS = "DEBUG $(inherited)";
				SWIFT_OPTIMIZATION_LEVEL = "-Onone";
			};
			name = Debug;
		};
		26BD60C72E81A1A1006C61E0 /* Release */ = {
			isa = XCBuildConfiguration;
			buildSettings = {
				ALWAYS_SEARCH_USER_PATHS = NO;
				ASSETCATALOG_COMPILER_GENERATE_SWIFT_ASSET_SYMBOL_EXTENSIONS = YES;
				CLANG_ANALYZER_NONNULL = YES;
				CLANG_ANALYZER_NUMBER_OBJECT_CONVERSION = YES_AGGRESSIVE;
				CLANG_CXX_LANGUAGE_STANDARD = "gnu++20";
				CLANG_ENABLE_MODULES = YES;
				CLANG_ENABLE_OBJC_ARC = YES;
				CLANG_ENABLE_OBJC_WEAK = YES;
				CLANG_WARN_BLOCK_CAPTURE_AUTORELEASING = YES;
				CLANG_WARN_BOOL_CONVERSION = YES;
				CLANG_WARN_COMMA = YES;
				CLANG_WARN_CONSTANT_CONVERSION = YES;
				CLANG_WARN_DEPRECATED_OBJC_IMPLEMENTATIONS = YES;
				CLANG_WARN_DIRECT_OBJC_ISA_USAGE = YES_ERROR;
				CLANG_WARN_DOCUMENTATION_COMMENTS = YES;
				CLANG_WARN_EMPTY_BODY = YES;
				CLANG_WARN_ENUM_CONVERSION = YES;
				CLANG_WARN_INFINITE_RECURSION = YES;
				CLANG_WARN_INT_CONVERSION = YES;
				CLANG_WARN_NON_LITERAL_NULL_CONVERSION = YES;
				CLANG_WARN_OBJC_IMPLICIT_RETAIN_SELF = YES;
				CLANG_WARN_OBJC_LITERAL_CONVERSION = YES;
				CLANG_WARN_OBJC_ROOT_CLASS = YES_ERROR;
				CLANG_WARN_QUOTED_INCLUDE_IN_FRAMEWORK_HEADER = YES;
				CLANG_WARN_RANGE_LOOP_ANALYSIS = YES;
				CLANG_WARN_STRICT_PROTOTYPES = YES;
				CLANG_WARN_SUSPICIOUS_MOVE = YES;
				CLANG_WARN_UNGUARDED_AVAILABILITY = YES_AGGRESSIVE;
				CLANG_WARN_UNREACHABLE_CODE = YES;
				CLANG_WARN__DUPLICATE_METHOD_MATCH = YES;
				COPY_PHASE_STRIP = NO;
				DEBUG_INFORMATION_FORMAT = "dwarf-with-dsym";
				ENABLE_NS_ASSERTIONS = NO;
				ENABLE_STRICT_OBJC_MSGSEND = YES;
				ENABLE_USER_SCRIPT_SANDBOXING = YES;
				GCC_C_LANGUAGE_STANDARD = gnu17;
				GCC_NO_COMMON_BLOCKS = YES;
				GCC_WARN_64_TO_32_BIT_CONVERSION = YES;
				GCC_WARN_ABOUT_RETURN_TYPE = YES_ERROR;
				GCC_WARN_UNDECLARED_SELECTOR = YES;
				GCC_WARN_UNINITIALIZED_AUTOS = YES_AGGRESSIVE;
				GCC_WARN_UNUSED_FUNCTION = YES;
				GCC_WARN_UNUSED_VARIABLE = YES;
				IPHONEOS_DEPLOYMENT_TARGET = 18.2;
				LOCALIZATION_PREFERS_STRING_CATALOGS = YES;
				MTL_ENABLE_DEBUG_INFO = NO;
				MTL_FAST_MATH = YES;
				SDKROOT = iphoneos;
				SWIFT_COMPILATION_MODE = wholemodule;
				VALIDATE_PRODUCT = YES;
			};
			name = Release;
		};
		26C4E4322E9BD2A8003FB8A4 /* Debug */ = {
			isa = XCBuildConfiguration;
			buildSettings = {
				BUNDLE_LOADER = "$(TEST_HOST)";
				CODE_SIGN_STYLE = Automatic;
				CURRENT_PROJECT_VERSION = 1;
				DEVELOPMENT_TEAM = LT54Q8Z33F;
				GENERATE_INFOPLIST_FILE = YES;
				IPHONEOS_DEPLOYMENT_TARGET = 15.6;
				MARKETING_VERSION = 1.0;
				PRODUCT_BUNDLE_IDENTIFIER = ru.eliseev.dmitry.ToDoListTests;
				PRODUCT_NAME = "$(TARGET_NAME)";
				SWIFT_EMIT_LOC_STRINGS = NO;
				SWIFT_VERSION = 5.0;
				TARGETED_DEVICE_FAMILY = "1,2";
				TEST_HOST = "$(BUILT_PRODUCTS_DIR)/ToDoList.app/$(BUNDLE_EXECUTABLE_FOLDER_PATH)/ToDoList";
			};
			name = Debug;
		};
		26C4E4332E9BD2A8003FB8A4 /* Release */ = {
			isa = XCBuildConfiguration;
			buildSettings = {
				BUNDLE_LOADER = "$(TEST_HOST)";
				CODE_SIGN_STYLE = Automatic;
				CURRENT_PROJECT_VERSION = 1;
				DEVELOPMENT_TEAM = LT54Q8Z33F;
				GENERATE_INFOPLIST_FILE = YES;
				IPHONEOS_DEPLOYMENT_TARGET = 15.6;
				MARKETING_VERSION = 1.0;
				PRODUCT_BUNDLE_IDENTIFIER = ru.eliseev.dmitry.ToDoListTests;
				PRODUCT_NAME = "$(TARGET_NAME)";
				SWIFT_EMIT_LOC_STRINGS = NO;
				SWIFT_VERSION = 5.0;
				TARGETED_DEVICE_FAMILY = "1,2";
				TEST_HOST = "$(BUILT_PRODUCTS_DIR)/ToDoList.app/$(BUNDLE_EXECUTABLE_FOLDER_PATH)/ToDoList";
			};
			name = Release;
		};
/* End XCBuildConfiguration section */

/* Begin XCConfigurationList section */
		26BD60AB2E81A1A0006C61E0 /* Build configuration list for PBXProject "ToDoList" */ = {
			isa = XCConfigurationList;
			buildConfigurations = (
				26BD60C62E81A1A1006C61E0 /* Debug */,
				26BD60C72E81A1A1006C61E0 /* Release */,
			);
			defaultConfigurationIsVisible = 0;
			defaultConfigurationName = Release;
		};
		26BD60C32E81A1A1006C61E0 /* Build configuration list for PBXNativeTarget "ToDoList" */ = {
			isa = XCConfigurationList;
			buildConfigurations = (
				26BD60C42E81A1A1006C61E0 /* Debug */,
				26BD60C52E81A1A1006C61E0 /* Release */,
			);
			defaultConfigurationIsVisible = 0;
			defaultConfigurationName = Release;
		};
		26C4E4342E9BD2A8003FB8A4 /* Build configuration list for PBXNativeTarget "ToDoListTests" */ = {
			isa = XCConfigurationList;
			buildConfigurations = (
				26C4E4322E9BD2A8003FB8A4 /* Debug */,
				26C4E4332E9BD2A8003FB8A4 /* Release */,
			);
			defaultConfigurationIsVisible = 0;
			defaultConfigurationName = Release;
		};
/* End XCConfigurationList section */

/* Begin XCVersionGroup section */
		26BD60E02E81BD1D006C61E0 /* Todo.xcdatamodeld */ = {
			isa = XCVersionGroup;
			children = (
				26BD60E12E81BD1D006C61E0 /* Todo.xcdatamodel */,
			);
			currentVersion = 26BD60E12E81BD1D006C61E0 /* Todo.xcdatamodel */;
			path = Todo.xcdatamodeld;
			sourceTree = "<group>";
			versionGroupType = wrapper.xcdatamodel;
		};
/* End XCVersionGroup section */
	};
	rootObject = 26BD60A82E81A1A0006C61E0 /* Project object */;
}
